
Microsoft Visual Studio Solution File, Format Version 12.00
# Visual Studio Version 17
VisualStudioVersion = 17.0.31912.275
MinimumVisualStudioVersion = 10.0.40219.1
Project("{9A19103F-16F7-4668-BE54-9A1E7A4F7556}") = "EATestProject", "EATestProject\EATestProject.csproj", "{A043CA3E-11CF-4032-ADA1-EF55EFAC3432}"
EndProject
Project("{9A19103F-16F7-4668-BE54-9A1E7A4F7556}") = "EATestFramework", "EATestFramework\EATestFramework.csproj", "{62FBF2C9-C1C6-4F1C-867D-04CC466A4DE7}"
EndProject
Global
	GlobalSection(SolutionConfigurationPlatforms) = preSolution
		Debug|Any CPU = Debug|Any CPU
		Release|Any CPU = Release|Any CPU
	EndGlobalSection
	GlobalSection(ProjectConfigurationPlatforms) = postSolution
		{A043CA3E-11CF-4032-ADA1-EF55EFAC3432}.Debug|Any CPU.ActiveCfg = Debug|Any CPU
		{A043CA3E-11CF-4032-ADA1-EF55EFAC3432}.Debug|Any CPU.Build.0 = Debug|Any CPU
		{A043CA3E-11CF-4032-ADA1-EF55EFAC3432}.Release|Any CPU.ActiveCfg = Release|Any CPU
		{A043CA3E-11CF-4032-ADA1-EF55EFAC3432}.Release|Any CPU.Build.0 = Release|Any CPU
		{62FBF2C9-C1C6-4F1C-867D-04CC466A4DE7}.Debug|Any CPU.ActiveCfg = Debug|Any CPU
		{62FBF2C9-C1C6-4F1C-867D-04CC466A4DE7}.Debug|Any CPU.Build.0 = Debug|Any CPU
		{62FBF2C9-C1C6-4F1C-867D-04CC466A4DE7}.Release|Any CPU.ActiveCfg = Release|Any CPU
		{62FBF2C9-C1C6-4F1C-867D-04CC466A4DE7}.Release|Any CPU.Build.0 = Release|Any CPU
	EndGlobalSection
	GlobalSection(SolutionProperties) = preSolution
		HideSolutionNode = FALSE
	EndGlobalSection
	GlobalSection(ExtensibilityGlobals) = postSolution
		SolutionGuid = {3AAE6A5E-D5D1-4FA2-8083-12841DE6072A}
	EndGlobalSection
EndGlobal
