
Microsoft Visual Studio Solution File, Format Version 12.00
# Visual Studio Version 17
VisualStudioVersion = 17.0.31825.309
MinimumVisualStudioVersion = 10.0.40219.1
Project("{9A19103F-16F7-4668-BE54-9A1E7A4F7556}") = "ProductAPI", "ProductAPI\ProductAPI.csproj", "{0C2A0950-D5BA-4869-B44B-715EC52728FB}"
EndProject
Project("{9A19103F-16F7-4668-BE54-9A1E7A4F7556}") = "EAWebApp", "EAWebApp\EAWebApp.csproj", "{19B914C0-D35F-4ACE-AC8C-2968AB1F4D41}"
EndProject
Project("{9A19103F-16F7-4668-BE54-9A1E7A4F7556}") = "EATestFramework", "EATestFramework\EATestFramework.csproj", "{C9C6F764-2E56-403F-B2D4-53F6970257FD}"
EndProject
Project("{9A19103F-16F7-4668-BE54-9A1E7A4F7556}") = "EATestProject", "EATestProject\EATestProject.csproj", "{6E85A2FA-3587-483F-B3C9-4275EE57A5B5}"
EndProject
Project("{9A19103F-16F7-4668-BE54-9A1E7A4F7556}") = "EATestBDD", "EATestBDD\EATestBDD.csproj", "{7D5B4726-F81F-4D14-B59A-B401BFC1B54A}"
EndProject
Global
	GlobalSection(SolutionConfigurationPlatforms) = preSolution
		Debug|Any CPU = Debug|Any CPU
		Release|Any CPU = Release|Any CPU
	EndGlobalSection
	GlobalSection(ProjectConfigurationPlatforms) = postSolution
		{0C2A0950-D5BA-4869-B44B-715EC52728FB}.Debug|Any CPU.ActiveCfg = Debug|Any CPU
		{0C2A0950-D5BA-4869-B44B-715EC52728FB}.Debug|Any CPU.Build.0 = Debug|Any CPU
		{0C2A0950-D5BA-4869-B44B-715EC52728FB}.Release|Any CPU.ActiveCfg = Release|Any CPU
		{0C2A0950-D5BA-4869-B44B-715EC52728FB}.Release|Any CPU.Build.0 = Release|Any CPU
		{19B914C0-D35F-4ACE-AC8C-2968AB1F4D41}.Debug|Any CPU.ActiveCfg = Debug|Any CPU
		{19B914C0-D35F-4ACE-AC8C-2968AB1F4D41}.Debug|Any CPU.Build.0 = Debug|Any CPU
		{19B914C0-D35F-4ACE-AC8C-2968AB1F4D41}.Release|Any CPU.ActiveCfg = Release|Any CPU
		{19B914C0-D35F-4ACE-AC8C-2968AB1F4D41}.Release|Any CPU.Build.0 = Release|Any CPU
		{C9C6F764-2E56-403F-B2D4-53F6970257FD}.Debug|Any CPU.ActiveCfg = Debug|Any CPU
		{C9C6F764-2E56-403F-B2D4-53F6970257FD}.Debug|Any CPU.Build.0 = Debug|Any CPU
		{C9C6F764-2E56-403F-B2D4-53F6970257FD}.Release|Any CPU.ActiveCfg = Release|Any CPU
		{C9C6F764-2E56-403F-B2D4-53F6970257FD}.Release|Any CPU.Build.0 = Release|Any CPU
		{6E85A2FA-3587-483F-B3C9-4275EE57A5B5}.Debug|Any CPU.ActiveCfg = Debug|Any CPU
		{6E85A2FA-3587-483F-B3C9-4275EE57A5B5}.Debug|Any CPU.Build.0 = Debug|Any CPU
		{6E85A2FA-3587-483F-B3C9-4275EE57A5B5}.Release|Any CPU.ActiveCfg = Release|Any CPU
		{6E85A2FA-3587-483F-B3C9-4275EE57A5B5}.Release|Any CPU.Build.0 = Release|Any CPU
		{7D5B4726-F81F-4D14-B59A-B401BFC1B54A}.Debug|Any CPU.ActiveCfg = Debug|Any CPU
		{7D5B4726-F81F-4D14-B59A-B401BFC1B54A}.Debug|Any CPU.Build.0 = Debug|Any CPU
		{7D5B4726-F81F-4D14-B59A-B401BFC1B54A}.Release|Any CPU.ActiveCfg = Release|Any CPU
		{7D5B4726-F81F-4D14-B59A-B401BFC1B54A}.Release|Any CPU.Build.0 = Release|Any CPU
	EndGlobalSection
	GlobalSection(SolutionProperties) = preSolution
		HideSolutionNode = FALSE
	EndGlobalSection
	GlobalSection(ExtensibilityGlobals) = postSolution
		SolutionGuid = {76C4CA33-F88E-4E17-964B-0EDF5E421B2C}
	EndGlobalSection
EndGlobal
